
Microsoft Visual Studio Solution File, Format Version 12.00
# Visual Studio 15
VisualStudioVersion = 15.0.26124.0
MinimumVisualStudioVersi.sln on = 15.0.26124.0
Project("{FAE04EC0-301F-11D3-BF4B-00C04F79EFBC}") = "LibraryWebApp", "LibraryWebApp.csproj", "{0C6E8DBD-DAF0-4BBC-A86C-39B74F1829C1}"
EndProject
Project("{FAE04EC0-301F-11D3-BF4B-00C04F79EFBC}") = "LibraryData", "LibraryData\LibraryData.csproj", "{6C9DA7D2-F595-4B1D-8ED0-1DCC41502253}"
EndProject
Global
	GlobalSection(SolutionConfigurationPlatforms) = preSolution
		Debug|Any CPU = Debug|Any CPU
		Debug|x64 = Debug|x64
		Debug|x86 = Debug|x86
		Release|Any CPU = Release|Any CPU
		Release|x64 = Release|x64
		Release|x86 = Release|x86
	EndGlobalSection
	GlobalSection(SolutionProperties) = preSolution
		HideSolutionNode = FALSE
	EndGlobalSection
	GlobalSection(ProjectConfigurationPlatforms) = postSolution
		{0C6E8DBD-DAF0-4BBC-A86C-39B74F1829C1}.Debug|Any CPU.ActiveCfg = Debug|Any CPU
		{0C6E8DBD-DAF0-4BBC-A86C-39B74F1829C1}.Debug|Any CPU.Build.0 = Debug|Any CPU
		{0C6E8DBD-DAF0-4BBC-A86C-39B74F1829C1}.Debug|x64.ActiveCfg = Debug|x64
		{0C6E8DBD-DAF0-4BBC-A86C-39B74F1829C1}.Debug|x64.Build.0 = Debug|x64
		{0C6E8DBD-DAF0-4BBC-A86C-39B74F1829C1}.Debug|x86.ActiveCfg = Debug|x86
		{0C6E8DBD-DAF0-4BBC-A86C-39B74F1829C1}.Debug|x86.Build.0 = Debug|x86
		{0C6E8DBD-DAF0-4BBC-A86C-39B74F1829C1}.Release|Any CPU.ActiveCfg = Release|Any CPU
		{0C6E8DBD-DAF0-4BBC-A86C-39B74F1829C1}.Release|Any CPU.Build.0 = Release|Any CPU
		{0C6E8DBD-DAF0-4BBC-A86C-39B74F1829C1}.Release|x64.ActiveCfg = Release|x64
		{0C6E8DBD-DAF0-4BBC-A86C-39B74F1829C1}.Release|x64.Build.0 = Release|x64
		{0C6E8DBD-DAF0-4BBC-A86C-39B74F1829C1}.Release|x86.ActiveCfg = Release|x86
		{0C6E8DBD-DAF0-4BBC-A86C-39B74F1829C1}.Release|x86.Build.0 = Release|x86
		{6C9DA7D2-F595-4B1D-8ED0-1DCC41502253}.Debug|Any CPU.ActiveCfg = Debug|Any CPU
		{6C9DA7D2-F595-4B1D-8ED0-1DCC41502253}.Debug|Any CPU.Build.0 = Debug|Any CPU
		{6C9DA7D2-F595-4B1D-8ED0-1DCC41502253}.Debug|x64.ActiveCfg = Debug|x64
		{6C9DA7D2-F595-4B1D-8ED0-1DCC41502253}.Debug|x64.Build.0 = Debug|x64
		{6C9DA7D2-F595-4B1D-8ED0-1DCC41502253}.Debug|x86.ActiveCfg = Debug|x86
		{6C9DA7D2-F595-4B1D-8ED0-1DCC41502253}.Debug|x86.Build.0 = Debug|x86
		{6C9DA7D2-F595-4B1D-8ED0-1DCC41502253}.Release|Any CPU.ActiveCfg = Release|Any CPU
		{6C9DA7D2-F595-4B1D-8ED0-1DCC41502253}.Release|Any CPU.Build.0 = Release|Any CPU
		{6C9DA7D2-F595-4B1D-8ED0-1DCC41502253}.Release|x64.ActiveCfg = Release|x64
		{6C9DA7D2-F595-4B1D-8ED0-1DCC41502253}.Release|x64.Build.0 = Release|x64
		{6C9DA7D2-F595-4B1D-8ED0-1DCC41502253}.Release|x86.ActiveCfg = Release|x86
		{6C9DA7D2-F595-4B1D-8ED0-1DCC41502253}.Release|x86.Build.0 = Release|x86
	EndGlobalSection
EndGlobal
